{
  "name": "dockstore-ui2",
  "version": "0.0.0",
  "dependencies": {
    "@angular/animations": {
      "version": "4.3.6",
      "from": "@angular/animations@>=4.3.4 <4.4.0",
      "resolved": "https://registry.npmjs.org/@angular/animations/-/animations-4.3.6.tgz"
    },
    "@angular/common": {
      "version": "4.3.6",
      "from": "@angular/common@4.3.6",
      "resolved": "https://registry.npmjs.org/@angular/common/-/common-4.3.6.tgz"
    },
    "@angular/compiler": {
      "version": "4.3.6",
      "from": "@angular/compiler@>=4.3.4 <4.4.0",
      "resolved": "https://registry.npmjs.org/@angular/compiler/-/compiler-4.3.6.tgz"
    },
    "@angular/core": {
      "version": "4.3.6",
      "from": "@angular/core@>=4.3.4 <4.4.0",
      "resolved": "https://registry.npmjs.org/@angular/core/-/core-4.3.6.tgz"
    },
    "@angular/flex-layout": {
      "version": "2.0.0-beta.9",
      "from": "@angular/flex-layout@>=2.0.0-beta.8 <3.0.0",
      "resolved": "https://registry.npmjs.org/@angular/flex-layout/-/flex-layout-2.0.0-beta.9.tgz"
    },
    "@angular/forms": {
      "version": "4.3.6",
      "from": "@angular/forms@>=4.3.4 <4.4.0",
      "resolved": "https://registry.npmjs.org/@angular/forms/-/forms-4.3.6.tgz"
    },
    "@angular/http": {
      "version": "4.3.6",
      "from": "@angular/http@>=4.3.4 <4.4.0",
      "resolved": "https://registry.npmjs.org/@angular/http/-/http-4.3.6.tgz"
    },
    "@angular/platform-browser": {
      "version": "4.3.6",
      "from": "@angular/platform-browser@>=4.3.4 <4.4.0",
      "resolved": "https://registry.npmjs.org/@angular/platform-browser/-/platform-browser-4.3.6.tgz"
    },
    "@angular/platform-browser-dynamic": {
      "version": "4.3.6",
      "from": "@angular/platform-browser-dynamic@>=4.3.4 <4.4.0",
      "resolved": "https://registry.npmjs.org/@angular/platform-browser-dynamic/-/platform-browser-dynamic-4.3.6.tgz"
    },
    "@angular/router": {
      "version": "4.3.6",
      "from": "@angular/router@>=4.3.4 <4.4.0",
      "resolved": "https://registry.npmjs.org/@angular/router/-/router-4.3.6.tgz"
    },
    "@types/clipboard": {
      "version": "1.5.34",
      "from": "@types/clipboard@1.5.34",
      "resolved": "https://registry.npmjs.org/@types/clipboard/-/clipboard-1.5.34.tgz"
    },
    "@types/elastic.js": {
      "version": "1.2.8",
      "from": "@types/elastic.js@>=1.2.8 <2.0.0",
      "resolved": "https://registry.npmjs.org/@types/elastic.js/-/elastic.js-1.2.8.tgz"
    },
    "@types/elasticsearch": {
      "version": "5.0.16",
      "from": "@types/elasticsearch@>=5.0.14 <6.0.0",
      "resolved": "https://registry.npmjs.org/@types/elasticsearch/-/elasticsearch-5.0.16.tgz"
    },
    "agentkeepalive": {
      "version": "2.2.0",
      "from": "agentkeepalive@>=2.2.0 <3.0.0",
      "resolved": "https://registry.npmjs.org/agentkeepalive/-/agentkeepalive-2.2.0.tgz"
    },
    "angular-datatables": {
      "version": "4.2.0",
      "from": "angular-datatables@>=4.2.0 <5.0.0",
      "resolved": "https://registry.npmjs.org/angular-datatables/-/angular-datatables-4.2.0.tgz",
      "dependencies": {
        "@angular/common": {
          "version": "4.3.6",
          "from": "@angular/common@>=4.3.2 <4.4.0",
          "resolved": "https://registry.npmjs.org/@angular/common/-/common-4.3.6.tgz"
        },
        "core-js": {
          "version": "2.4.1",
          "from": "core-js@>=2.4.1 <2.5.0",
          "resolved": "https://registry.npmjs.org/core-js/-/core-js-2.4.1.tgz"
        }
      }
    },
    "angular-tag-cloud-module": {
      "version": "1.4.0",
      "from": "angular-tag-cloud-module@>=1.4.0 <2.0.0",
      "resolved": "https://registry.npmjs.org/angular-tag-cloud-module/-/angular-tag-cloud-module-1.4.0.tgz"
    },
    "angular2-markdown": {
      "version": "1.6.0",
      "from": "angular2-markdown@1.6.0",
      "resolved": "https://registry.npmjs.org/angular2-markdown/-/angular2-markdown-1.6.0.tgz"
    },
    "ansi-regex": {
      "version": "2.1.1",
      "from": "ansi-regex@>=2.0.0 <3.0.0",
      "resolved": "https://registry.npmjs.org/ansi-regex/-/ansi-regex-2.1.1.tgz"
    },
    "ansi-styles": {
      "version": "2.2.1",
      "from": "ansi-styles@>=2.2.1 <3.0.0",
      "resolved": "https://registry.npmjs.org/ansi-styles/-/ansi-styles-2.2.1.tgz"
    },
    "arrify": {
      "version": "1.0.1",
      "from": "arrify@>=1.0.0 <2.0.0",
      "resolved": "https://registry.npmjs.org/arrify/-/arrify-1.0.1.tgz"
    },
    "bodybuilder": {
      "version": "2.2.1",
      "from": "bodybuilder@>=2.2.0 <3.0.0",
      "resolved": "https://registry.npmjs.org/bodybuilder/-/bodybuilder-2.2.1.tgz"
    },
    "bootstrap": {
      "version": "3.3.7",
      "from": "bootstrap@>=3.3.7 <4.0.0",
      "resolved": "https://registry.npmjs.org/bootstrap/-/bootstrap-3.3.7.tgz"
    },
    "bootstrap-social": {
      "version": "5.1.1",
      "from": "bootstrap-social@>=5.1.1 <6.0.0",
      "resolved": "https://registry.npmjs.org/bootstrap-social/-/bootstrap-social-5.1.1.tgz"
    },
    "chalk": {
      "version": "1.1.3",
      "from": "chalk@>=1.0.0 <2.0.0",
      "resolved": "https://registry.npmjs.org/chalk/-/chalk-1.1.3.tgz"
    },
    "clipboard": {
      "version": "1.7.1",
      "from": "clipboard@>=1.5.5 <2.0.0",
      "resolved": "https://registry.npmjs.org/clipboard/-/clipboard-1.7.1.tgz",
      "optional": true
    },
    "color-convert": {
      "version": "1.9.0",
      "from": "color-convert@>=1.9.0 <2.0.0",
      "resolved": "https://registry.npmjs.org/color-convert/-/color-convert-1.9.0.tgz"
    },
    "color-name": {
      "version": "1.1.3",
      "from": "color-name@>=1.1.1 <2.0.0",
      "resolved": "https://registry.npmjs.org/color-name/-/color-name-1.1.3.tgz"
    },
    "core-js": {
      "version": "2.5.1",
      "from": "core-js@>=2.4.1 <3.0.0",
      "resolved": "https://registry.npmjs.org/core-js/-/core-js-2.5.1.tgz"
    },
    "cytoscape": {
      "version": "3.2.3",
      "from": "cytoscape@>=3.1.1 <4.0.0",
      "resolved": "https://registry.npmjs.org/cytoscape/-/cytoscape-3.2.3.tgz"
    },
    "cytoscape-dagre": {
      "version": "1.6.0",
      "from": "cytoscape-dagre@>=1.6.0 <2.0.0",
      "resolved": "https://registry.npmjs.org/cytoscape-dagre/-/cytoscape-dagre-1.6.0.tgz"
    },
    "cytoscape-qtip": {
      "version": "2.7.1",
      "from": "cytoscape-qtip@>=2.7.1 <3.0.0",
      "resolved": "https://registry.npmjs.org/cytoscape-qtip/-/cytoscape-qtip-2.7.1.tgz",
      "dependencies": {
        "jquery": {
          "version": "2.2.4",
          "from": "jquery@>=2.0.0 <3.0.0||>=1.10.0 <2.0.0",
          "resolved": "https://registry.npmjs.org/jquery/-/jquery-2.2.4.tgz"
        }
      }
    },
    "dagre": {
      "version": "0.7.4",
      "from": "dagre@>=0.7.4 <0.8.0",
      "resolved": "https://registry.npmjs.org/dagre/-/dagre-0.7.4.tgz",
      "dependencies": {
        "lodash": {
          "version": "3.10.1",
          "from": "lodash@>=3.10.0 <4.0.0",
          "resolved": "https://registry.npmjs.org/lodash/-/lodash-3.10.1.tgz"
        }
      }
    },
    "datatables.net": {
      "version": "1.10.16",
      "from": "datatables.net@>=1.10.15 <2.0.0",
      "resolved": "https://registry.npmjs.org/datatables.net/-/datatables.net-1.10.16.tgz"
    },
    "datatables.net-bs": {
      "version": "1.10.16",
      "from": "datatables.net-bs@>=1.10.13 <2.0.0",
      "resolved": "https://registry.npmjs.org/datatables.net-bs/-/datatables.net-bs-1.10.16.tgz"
    },
    "datatables.net-dt": {
      "version": "1.10.16",
      "from": "datatables.net-dt@>=1.10.15 <2.0.0",
      "resolved": "https://registry.npmjs.org/datatables.net-dt/-/datatables.net-dt-1.10.16.tgz"
    },
    "delegate": {
      "version": "3.1.3",
      "from": "delegate@>=3.1.2 <4.0.0",
      "resolved": "https://registry.npmjs.org/delegate/-/delegate-3.1.3.tgz",
      "optional": true
    },
    "diff": {
      "version": "3.4.0",
      "from": "diff@>=3.1.0 <4.0.0",
      "resolved": "https://registry.npmjs.org/diff/-/diff-3.4.0.tgz"
    },
    "elasticsearch": {
      "version": "13.0.0",
      "from": "elasticsearch@13.0.0",
      "resolved": "https://registry.npmjs.org/elasticsearch/-/elasticsearch-13.0.0.tgz",
      "dependencies": {
        "lodash": {
          "version": "2.4.2",
          "from": "lodash@2.4.2",
          "resolved": "https://registry.npmjs.org/lodash/-/lodash-2.4.2.tgz"
        }
      }
    },
    "escape-string-regexp": {
      "version": "1.0.5",
      "from": "escape-string-regexp@>=1.0.2 <2.0.0",
      "resolved": "https://registry.npmjs.org/escape-string-regexp/-/escape-string-regexp-1.0.5.tgz"
    },
    "ev-emitter": {
      "version": "1.1.1",
      "from": "ev-emitter@>=1.0.0 <2.0.0",
      "resolved": "https://registry.npmjs.org/ev-emitter/-/ev-emitter-1.1.1.tgz"
    },
    "font-awesome": {
      "version": "4.7.0",
      "from": "font-awesome@>=4.7.0 <5.0.0",
      "resolved": "https://registry.npmjs.org/font-awesome/-/font-awesome-4.7.0.tgz"
    },
    "good-listener": {
      "version": "1.2.2",
      "from": "good-listener@>=1.2.2 <2.0.0",
      "resolved": "https://registry.npmjs.org/good-listener/-/good-listener-1.2.2.tgz",
      "optional": true
    },
    "graphlib": {
      "version": "1.0.7",
      "from": "graphlib@>=1.0.5 <2.0.0",
      "resolved": "https://registry.npmjs.org/graphlib/-/graphlib-1.0.7.tgz",
      "dependencies": {
        "lodash": {
          "version": "3.10.1",
          "from": "lodash@>=3.10.0 <4.0.0",
          "resolved": "https://registry.npmjs.org/lodash/-/lodash-3.10.1.tgz"
        }
      }
    },
    "has-ansi": {
      "version": "2.0.0",
      "from": "has-ansi@>=2.0.0 <3.0.0",
      "resolved": "https://registry.npmjs.org/has-ansi/-/has-ansi-2.0.0.tgz"
    },
    "has-flag": {
      "version": "2.0.0",
      "from": "has-flag@>=2.0.0 <3.0.0",
      "resolved": "https://registry.npmjs.org/has-flag/-/has-flag-2.0.0.tgz"
    },
    "heap": {
      "version": "0.2.6",
      "from": "heap@>=0.2.6 <0.3.0",
      "resolved": "https://registry.npmjs.org/heap/-/heap-0.2.6.tgz"
    },
    "highlightjs-line-numbers.js": {
      "version": "2.0.0",
      "from": "highlightjs-line-numbers.js@2.0.0",
      "resolved": "https://registry.npmjs.org/highlightjs-line-numbers.js/-/highlightjs-line-numbers.js-2.0.0.tgz"
    },
    "homedir-polyfill": {
      "version": "1.0.1",
      "from": "homedir-polyfill@>=1.0.1 <2.0.0",
      "resolved": "https://registry.npmjs.org/homedir-polyfill/-/homedir-polyfill-1.0.1.tgz"
    },
    "imagesloaded": {
      "version": "4.1.3",
      "from": "imagesloaded@>=3.0.0",
      "resolved": "https://registry.npmjs.org/imagesloaded/-/imagesloaded-4.1.3.tgz"
    },
    "jquery": {
      "version": "3.2.1",
      "from": "jquery@>=3.2.1 <4.0.0",
      "resolved": "https://registry.npmjs.org/jquery/-/jquery-3.2.1.tgz"
    },
    "jquery-colorbox": {
      "version": "1.6.4",
      "from": "jquery-colorbox@>=1.6.4 <2.0.0",
      "resolved": "https://registry.npmjs.org/jquery-colorbox/-/jquery-colorbox-1.6.4.tgz"
    },
    "lodash": {
      "version": "4.9.0",
      "from": "lodash@4.9.0",
      "resolved": "https://registry.npmjs.org/lodash/-/lodash-4.9.0.tgz"
    },
    "lodash.debounce": {
      "version": "4.0.8",
      "from": "lodash.debounce@>=4.0.8 <5.0.0",
      "resolved": "https://registry.npmjs.org/lodash.debounce/-/lodash.debounce-4.0.8.tgz"
    },
    "lodash.get": {
      "version": "4.4.2",
      "from": "lodash.get@>=4.4.2 <5.0.0",
      "resolved": "https://registry.npmjs.org/lodash.get/-/lodash.get-4.4.2.tgz"
    },
    "lodash.isempty": {
      "version": "4.4.0",
      "from": "lodash.isempty@>=4.4.0 <5.0.0",
      "resolved": "https://registry.npmjs.org/lodash.isempty/-/lodash.isempty-4.4.0.tgz"
    },
    "lodash.trimend": {
      "version": "4.5.1",
      "from": "lodash.trimend@>=4.5.1 <5.0.0",
      "resolved": "https://registry.npmjs.org/lodash.trimend/-/lodash.trimend-4.5.1.tgz"
    },
    "make-error": {
      "version": "1.3.0",
      "from": "make-error@>=1.1.1 <2.0.0",
      "resolved": "https://registry.npmjs.org/make-error/-/make-error-1.3.0.tgz"
    },
    "marked": {
      "version": "0.3.6",
      "from": "marked@>=0.3.6 <0.4.0",
      "resolved": "https://registry.npmjs.org/marked/-/marked-0.3.6.tgz"
    },
    "minimist": {
      "version": "1.2.0",
      "from": "minimist@>=1.2.0 <2.0.0",
      "resolved": "https://registry.npmjs.org/minimist/-/minimist-1.2.0.tgz"
    },
    "mkdirp": {
      "version": "0.5.1",
      "from": "mkdirp@>=0.5.1 <0.6.0",
      "resolved": "https://registry.npmjs.org/mkdirp/-/mkdirp-0.5.1.tgz",
      "dependencies": {
        "minimist": {
          "version": "0.0.8",
          "from": "minimist@0.0.8",
          "resolved": "https://registry.npmjs.org/minimist/-/minimist-0.0.8.tgz"
        }
      }
    },
    "ng2-ui-auth": {
      "version": "6.2.0",
      "from": "ng2-ui-auth@>=6.1.4 <7.0.0",
      "resolved": "https://registry.npmjs.org/ng2-ui-auth/-/ng2-ui-auth-6.2.0.tgz"
    },
    "ngx-bootstrap": {
      "version": "1.9.3",
      "from": "ngx-bootstrap@>=1.6.6 <2.0.0",
      "resolved": "https://registry.npmjs.org/ngx-bootstrap/-/ngx-bootstrap-1.9.3.tgz"
    },
    "ngx-clipboard": {
      "version": "6.1.0",
      "from": "ngx-clipboard@>=6.1.0 <7.0.0",
      "resolved": "https://registry.npmjs.org/ngx-clipboard/-/ngx-clipboard-6.1.0.tgz"
    },
    "ngx-sharebuttons": {
      "version": "3.0.0",
      "from": "ngx-sharebuttons@>=3.0.0 <4.0.0",
      "resolved": "https://registry.npmjs.org/ngx-sharebuttons/-/ngx-sharebuttons-3.0.0.tgz"
    },
    "parse-passwd": {
      "version": "1.0.0",
      "from": "parse-passwd@>=1.0.0 <2.0.0",
      "resolved": "https://registry.npmjs.org/parse-passwd/-/parse-passwd-1.0.0.tgz"
    },
    "prismjs": {
      "version": "1.8.1",
      "from": "prismjs@>=1.6.0 <2.0.0",
      "resolved": "https://registry.npmjs.org/prismjs/-/prismjs-1.8.1.tgz"
    },
    "qtip2": {
      "version": "3.0.3",
      "from": "qtip2@>=3.0.0 <4.0.0||>=2.2.0 <3.0.0",
      "resolved": "https://registry.npmjs.org/qtip2/-/qtip2-3.0.3.tgz"
    },
    "rxjs": {
      "version": "5.4.3",
      "from": "rxjs@>=5.4.2 <6.0.0",
      "resolved": "https://registry.npmjs.org/rxjs/-/rxjs-5.4.3.tgz"
    },
    "select": {
      "version": "1.1.2",
      "from": "select@>=1.1.2 <2.0.0",
      "resolved": "https://registry.npmjs.org/select/-/select-1.1.2.tgz",
      "optional": true
    },
    "source-map": {
      "version": "0.5.7",
      "from": "source-map@>=0.5.6 <0.6.0",
      "resolved": "https://registry.npmjs.org/source-map/-/source-map-0.5.7.tgz"
    },
    "source-map-support": {
      "version": "0.4.18",
      "from": "source-map-support@>=0.4.0 <0.5.0",
      "resolved": "https://registry.npmjs.org/source-map-support/-/source-map-support-0.4.18.tgz"
    },
    "strip-ansi": {
      "version": "3.0.1",
      "from": "strip-ansi@>=3.0.0 <4.0.0",
      "resolved": "https://registry.npmjs.org/strip-ansi/-/strip-ansi-3.0.1.tgz"
    },
    "strip-bom": {
      "version": "3.0.0",
      "from": "strip-bom@>=3.0.0 <4.0.0",
      "resolved": "https://registry.npmjs.org/strip-bom/-/strip-bom-3.0.0.tgz"
    },
    "strip-json-comments": {
      "version": "2.0.1",
      "from": "strip-json-comments@>=2.0.0 <3.0.0",
      "resolved": "https://registry.npmjs.org/strip-json-comments/-/strip-json-comments-2.0.1.tgz"
    },
    "supports-color": {
      "version": "2.0.0",
      "from": "supports-color@>=2.0.0 <3.0.0",
      "resolved": "https://registry.npmjs.org/supports-color/-/supports-color-2.0.0.tgz"
    },
    "symbol-observable": {
      "version": "1.0.4",
      "from": "symbol-observable@>=1.0.1 <2.0.0",
      "resolved": "https://registry.npmjs.org/symbol-observable/-/symbol-observable-1.0.4.tgz"
    },
    "tiny-emitter": {
      "version": "2.0.2",
      "from": "tiny-emitter@>=2.0.0 <3.0.0",
      "resolved": "https://registry.npmjs.org/tiny-emitter/-/tiny-emitter-2.0.2.tgz",
      "optional": true
    },
    "ts-md5": {
      "version": "1.2.2",
      "from": "ts-md5@>=1.2.0 <2.0.0",
      "resolved": "https://registry.npmjs.org/ts-md5/-/ts-md5-1.2.2.tgz"
    },
    "ts-node": {
      "version": "3.2.2",
      "from": "https://registry.npmjs.org/ts-node/-/ts-node-3.2.2.tgz",
      "resolved": "https://registry.npmjs.org/ts-node/-/ts-node-3.2.2.tgz",
      "dependencies": {
        "ansi-styles": {
          "version": "3.2.0",
          "from": "ansi-styles@>=3.1.0 <4.0.0",
          "resolved": "https://registry.npmjs.org/ansi-styles/-/ansi-styles-3.2.0.tgz"
        },
        "chalk": {
          "version": "2.1.0",
          "from": "chalk@>=2.0.0 <3.0.0",
          "resolved": "https://registry.npmjs.org/chalk/-/chalk-2.1.0.tgz"
        },
        "supports-color": {
          "version": "4.4.0",
          "from": "supports-color@>=4.0.0 <5.0.0",
          "resolved": "https://registry.npmjs.org/supports-color/-/supports-color-4.4.0.tgz"
        }
      }
    },
    "tsconfig": {
      "version": "6.0.0",
      "from": "tsconfig@>=6.0.0 <7.0.0",
      "resolved": "https://registry.npmjs.org/tsconfig/-/tsconfig-6.0.0.tgz"
    },
    "tslib": {
      "version": "1.7.1",
      "from": "tslib@>=1.7.1 <2.0.0",
      "resolved": "https://registry.npmjs.org/tslib/-/tslib-1.7.1.tgz"
    },
    "typescript": {
      "version": "2.3.4",
      "from": "typescript@>=2.3.3 <2.4.0",
      "resolved": "https://registry.npmjs.org/typescript/-/typescript-2.3.4.tgz"
    },
    "v8flags": {
      "version": "3.0.1",
      "from": "v8flags@>=3.0.0 <4.0.0",
      "resolved": "https://registry.npmjs.org/v8flags/-/v8flags-3.0.1.tgz"
    },
    "yn": {
      "version": "2.0.0",
      "from": "yn@>=2.0.0 <3.0.0",
      "resolved": "https://registry.npmjs.org/yn/-/yn-2.0.0.tgz"
    },
    "zone.js": {
      "version": "0.8.17",
      "from": "zone.js@>=0.8.14 <0.9.0",
      "resolved": "https://registry.npmjs.org/zone.js/-/zone.js-0.8.17.tgz"
    }
  }
}
